
Microsoft Visual Studio Solution File, Format Version 12.00
# Visual Studio Version 17
VisualStudioVersion = 17.5.002.0
MinimumVisualStudioVersion = 10.0.40219.1
Project("{9A19103F-16F7-4668-BE54-9A1E7A4F7556}") = "tl2-tp1-2024-andrevvt7", "tl2-tp1-2024-andrevvt7.csproj", "{146F98FB-A0F4-4C90-A0F1-80913C0543E1}"
EndProject
Global
	GlobalSection(SolutionConfigurationPlatforms) = preSolution
		Debug|Any CPU = Debug|Any CPU
		Release|Any CPU = Release|Any CPU
	EndGlobalSection
	GlobalSection(ProjectConfigurationPlatforms) = postSolution
		{146F98FB-A0F4-4C90-A0F1-80913C0543E1}.Debug|Any CPU.ActiveCfg = Debug|Any CPU
		{146F98FB-A0F4-4C90-A0F1-80913C0543E1}.Debug|Any CPU.Build.0 = Debug|Any CPU
		{146F98FB-A0F4-4C90-A0F1-80913C0543E1}.Release|Any CPU.ActiveCfg = Release|Any CPU
		{146F98FB-A0F4-4C90-A0F1-80913C0543E1}.Release|Any CPU.Build.0 = Release|Any CPU
	EndGlobalSection
	GlobalSection(SolutionProperties) = preSolution
		HideSolutionNode = FALSE
	EndGlobalSection
	GlobalSection(ExtensibilityGlobals) = postSolution
		SolutionGuid = {575D3035-ACBD-4A74-B8E4-8A34C6305D77}
	EndGlobalSection
EndGlobal
